# This file is automatically @generated by Cargo.
# It is not intended for manual editing.
version = 3

[[package]]
name = "rip"
version = "0.1.0"
dependencies = [
 "rlex",
]

[[package]]
name = "rlex"
version = "0.1.15"
source = "registry+https://github.com/rust-lang/crates.io-index"
checksum = "865ae9bff7874d6b45781c395ba1b1cf15a533c5b64a026f4654b5a4ead78440"
