# This file is automatically @generated by Cargo.
# It is not intended for manual editing.
version = 3

[[package]]
name = "rip"
version = "0.1.0"
dependencies = [
 "rlex",
]

[[package]]
name = "rlex"
version = "0.1.12"
source = "registry+https://github.com/rust-lang/crates.io-index"
checksum = "104218a93d3f549d445623ef2d23b85cba816ccce4e5e9f44c6fd07761f66ad7"
