# This file is automatically @generated by Cargo.
# It is not intended for manual editing.
version = 3

[[package]]
name = "rip"
version = "0.1.0"
dependencies = [
 "rlex",
]

[[package]]
name = "rlex"
version = "0.1.10"
source = "registry+https://github.com/rust-lang/crates.io-index"
checksum = "eb8c7aa33c846eb7dd4790c2cf15d32c79b914681e57b3caacff564a03435611"
